
Microsoft Visual Studio Solution File, Format Version 12.00
# Visual Studio 14
VisualStudioVersion = 14.0.23107.0
MinimumVisualStudioVersion = 10.0.40219.1
Project("{FAE04EC0-301F-11D3-BF4B-00C04F79EFBC}") = "NuxeoClient_net45", "src\NuxeoClient_net45\NuxeoClient_net45.csproj", "{B4D88D94-052F-4D9E-B157-92C455894303}"
EndProject
Project("{FAE04EC0-301F-11D3-BF4B-00C04F79EFBC}") = "TCK_net45", "test\TCK_net45\TCK_net45.csproj", "{C14F4D3B-0C78-4759-85A7-3B0232F61A5D}"
EndProject
Global
	GlobalSection(SolutionConfigurationPlatforms) = preSolution
		Debug|Any CPU = Debug|Any CPU
		Release|Any CPU = Release|Any CPU
	EndGlobalSection
	GlobalSection(ProjectConfigurationPlatforms) = postSolution
		{B4D88D94-052F-4D9E-B157-92C455894303}.Debug|Any CPU.ActiveCfg = Debug|Any CPU
		{B4D88D94-052F-4D9E-B157-92C455894303}.Debug|Any CPU.Build.0 = Debug|Any CPU
		{B4D88D94-052F-4D9E-B157-92C455894303}.Release|Any CPU.ActiveCfg = Release|Any CPU
		{B4D88D94-052F-4D9E-B157-92C455894303}.Release|Any CPU.Build.0 = Release|Any CPU
		{C14F4D3B-0C78-4759-85A7-3B0232F61A5D}.Debug|Any CPU.ActiveCfg = Debug|Any CPU
		{C14F4D3B-0C78-4759-85A7-3B0232F61A5D}.Debug|Any CPU.Build.0 = Debug|Any CPU
		{C14F4D3B-0C78-4759-85A7-3B0232F61A5D}.Release|Any CPU.ActiveCfg = Release|Any CPU
		{C14F4D3B-0C78-4759-85A7-3B0232F61A5D}.Release|Any CPU.Build.0 = Release|Any CPU
	EndGlobalSection
	GlobalSection(SolutionProperties) = preSolution
		HideSolutionNode = FALSE
	EndGlobalSection
EndGlobal
