
Microsoft Visual Studio Solution File, Format Version 12.00
# Visual Studio 15
VisualStudioVersion = 15.0.26124.0
MinimumVisualStudioVersion = 15.0.26124.0
Project("{2150E333-8FDC-42A3-9474-1A3956D46DE8}") = "src", "src", "{632D22DC-A4C0-46E6-8542-E9347C0C1FBF}"
EndProject
Project("{FAE04EC0-301F-11D3-BF4B-00C04F79EFBC}") = "NuxeoClient", "src\NuxeoClient\NuxeoClient.csproj", "{D1BD2339-9A58-4A54-A759-D5F15516C07E}"
EndProject
Project("{2150E333-8FDC-42A3-9474-1A3956D46DE8}") = "test", "test", "{111B7758-99B6-4C0F-B301-10A1F87438B3}"
EndProject
Project("{FAE04EC0-301F-11D3-BF4B-00C04F79EFBC}") = "TCK", "test\TCK\TCK.csproj", "{8BF9AFD9-7440-4CC8-B4F4-ED63C92337F9}"
EndProject
Global
	GlobalSection(SolutionConfigurationPlatforms) = preSolution
		Debug|Any CPU = Debug|Any CPU
		Debug|x64 = Debug|x64
		Debug|x86 = Debug|x86
		Release|Any CPU = Release|Any CPU
		Release|x64 = Release|x64
		Release|x86 = Release|x86
	EndGlobalSection
	GlobalSection(SolutionProperties) = preSolution
		HideSolutionNode = FALSE
	EndGlobalSection
	GlobalSection(ProjectConfigurationPlatforms) = postSolution
		{D1BD2339-9A58-4A54-A759-D5F15516C07E}.Debug|Any CPU.ActiveCfg = Debug|Any CPU
		{D1BD2339-9A58-4A54-A759-D5F15516C07E}.Debug|Any CPU.Build.0 = Debug|Any CPU
		{D1BD2339-9A58-4A54-A759-D5F15516C07E}.Debug|x64.ActiveCfg = Debug|Any CPU
		{D1BD2339-9A58-4A54-A759-D5F15516C07E}.Debug|x64.Build.0 = Debug|Any CPU
		{D1BD2339-9A58-4A54-A759-D5F15516C07E}.Debug|x86.ActiveCfg = Debug|Any CPU
		{D1BD2339-9A58-4A54-A759-D5F15516C07E}.Debug|x86.Build.0 = Debug|Any CPU
		{D1BD2339-9A58-4A54-A759-D5F15516C07E}.Release|Any CPU.ActiveCfg = Release|Any CPU
		{D1BD2339-9A58-4A54-A759-D5F15516C07E}.Release|Any CPU.Build.0 = Release|Any CPU
		{D1BD2339-9A58-4A54-A759-D5F15516C07E}.Release|x64.ActiveCfg = Release|Any CPU
		{D1BD2339-9A58-4A54-A759-D5F15516C07E}.Release|x64.Build.0 = Release|Any CPU
		{D1BD2339-9A58-4A54-A759-D5F15516C07E}.Release|x86.ActiveCfg = Release|Any CPU
		{D1BD2339-9A58-4A54-A759-D5F15516C07E}.Release|x86.Build.0 = Release|Any CPU
		{8BF9AFD9-7440-4CC8-B4F4-ED63C92337F9}.Debug|Any CPU.ActiveCfg = Debug|Any CPU
		{8BF9AFD9-7440-4CC8-B4F4-ED63C92337F9}.Debug|Any CPU.Build.0 = Debug|Any CPU
		{8BF9AFD9-7440-4CC8-B4F4-ED63C92337F9}.Debug|x64.ActiveCfg = Debug|Any CPU
		{8BF9AFD9-7440-4CC8-B4F4-ED63C92337F9}.Debug|x64.Build.0 = Debug|Any CPU
		{8BF9AFD9-7440-4CC8-B4F4-ED63C92337F9}.Debug|x86.ActiveCfg = Debug|Any CPU
		{8BF9AFD9-7440-4CC8-B4F4-ED63C92337F9}.Debug|x86.Build.0 = Debug|Any CPU
		{8BF9AFD9-7440-4CC8-B4F4-ED63C92337F9}.Release|Any CPU.ActiveCfg = Release|Any CPU
		{8BF9AFD9-7440-4CC8-B4F4-ED63C92337F9}.Release|Any CPU.Build.0 = Release|Any CPU
		{8BF9AFD9-7440-4CC8-B4F4-ED63C92337F9}.Release|x64.ActiveCfg = Release|Any CPU
		{8BF9AFD9-7440-4CC8-B4F4-ED63C92337F9}.Release|x64.Build.0 = Release|Any CPU
		{8BF9AFD9-7440-4CC8-B4F4-ED63C92337F9}.Release|x86.ActiveCfg = Release|Any CPU
		{8BF9AFD9-7440-4CC8-B4F4-ED63C92337F9}.Release|x86.Build.0 = Release|Any CPU
	EndGlobalSection
	GlobalSection(NestedProjects) = preSolution
		{D1BD2339-9A58-4A54-A759-D5F15516C07E} = {632D22DC-A4C0-46E6-8542-E9347C0C1FBF}
		{8BF9AFD9-7440-4CC8-B4F4-ED63C92337F9} = {111B7758-99B6-4C0F-B301-10A1F87438B3}
	EndGlobalSection
EndGlobal
